
Microsoft Visual Studio Solution File, Format Version 12.00
# Visual Studio 15
VisualStudioVersion = 15.0.27703.2000
MinimumVisualStudioVersion = 10.0.40219.1
Project("{FAE04EC0-301F-11D3-BF4B-00C04F79EFBC}") = "UISerachBar_Example.Android", "UISerachBar_Example\UISerachBar_Example.Android\UISerachBar_Example.Android.csproj", "{A26EE5EF-D491-499E-B621-B31D94463A09}"
EndProject
Project("{FAE04EC0-301F-11D3-BF4B-00C04F79EFBC}") = "UISerachBar_Example.iOS", "UISerachBar_Example\UISerachBar_Example.iOS\UISerachBar_Example.iOS.csproj", "{09D6EBE4-28D2-4CD1-8E8A-9FCC885A35EA}"
EndProject
Project("{FAE04EC0-301F-11D3-BF4B-00C04F79EFBC}") = "UISerachBar_Example", "UISerachBar_Example\UISerachBar_Example\UISerachBar_Example.csproj", "{1C886B26-FF64-4AFA-876F-0B207B8C17C9}"
EndProject
Global
	GlobalSection(SolutionConfigurationPlatforms) = preSolution
		Ad-Hoc|Any CPU = Ad-Hoc|Any CPU
		Ad-Hoc|iPhone = Ad-Hoc|iPhone
		Ad-Hoc|iPhoneSimulator = Ad-Hoc|iPhoneSimulator
		AppStore|Any CPU = AppStore|Any CPU
		AppStore|iPhone = AppStore|iPhone
		AppStore|iPhoneSimulator = AppStore|iPhoneSimulator
		Debug|Any CPU = Debug|Any CPU
		Debug|iPhone = Debug|iPhone
		Debug|iPhoneSimulator = Debug|iPhoneSimulator
		Release|Any CPU = Release|Any CPU
		Release|iPhone = Release|iPhone
		Release|iPhoneSimulator = Release|iPhoneSimulator
	EndGlobalSection
	GlobalSection(ProjectConfigurationPlatforms) = postSolution
		{A26EE5EF-D491-499E-B621-B31D94463A09}.Ad-Hoc|Any CPU.ActiveCfg = Release|Any CPU
		{A26EE5EF-D491-499E-B621-B31D94463A09}.Ad-Hoc|Any CPU.Build.0 = Release|Any CPU
		{A26EE5EF-D491-499E-B621-B31D94463A09}.Ad-Hoc|Any CPU.Deploy.0 = Release|Any CPU
		{A26EE5EF-D491-499E-B621-B31D94463A09}.Ad-Hoc|iPhone.ActiveCfg = Release|Any CPU
		{A26EE5EF-D491-499E-B621-B31D94463A09}.Ad-Hoc|iPhone.Build.0 = Release|Any CPU
		{A26EE5EF-D491-499E-B621-B31D94463A09}.Ad-Hoc|iPhone.Deploy.0 = Release|Any CPU
		{A26EE5EF-D491-499E-B621-B31D94463A09}.Ad-Hoc|iPhoneSimulator.ActiveCfg = Release|Any CPU
		{A26EE5EF-D491-499E-B621-B31D94463A09}.Ad-Hoc|iPhoneSimulator.Build.0 = Release|Any CPU
		{A26EE5EF-D491-499E-B621-B31D94463A09}.Ad-Hoc|iPhoneSimulator.Deploy.0 = Release|Any CPU
		{A26EE5EF-D491-499E-B621-B31D94463A09}.AppStore|Any CPU.ActiveCfg = Release|Any CPU
		{A26EE5EF-D491-499E-B621-B31D94463A09}.AppStore|Any CPU.Build.0 = Release|Any CPU
		{A26EE5EF-D491-499E-B621-B31D94463A09}.AppStore|Any CPU.Deploy.0 = Release|Any CPU
		{A26EE5EF-D491-499E-B621-B31D94463A09}.AppStore|iPhone.ActiveCfg = Release|Any CPU
		{A26EE5EF-D491-499E-B621-B31D94463A09}.AppStore|iPhone.Build.0 = Release|Any CPU
		{A26EE5EF-D491-499E-B621-B31D94463A09}.AppStore|iPhone.Deploy.0 = Release|Any CPU
		{A26EE5EF-D491-499E-B621-B31D94463A09}.AppStore|iPhoneSimulator.ActiveCfg = Release|Any CPU
		{A26EE5EF-D491-499E-B621-B31D94463A09}.AppStore|iPhoneSimulator.Build.0 = Release|Any CPU
		{A26EE5EF-D491-499E-B621-B31D94463A09}.AppStore|iPhoneSimulator.Deploy.0 = Release|Any CPU
		{A26EE5EF-D491-499E-B621-B31D94463A09}.Debug|Any CPU.ActiveCfg = Debug|Any CPU
		{A26EE5EF-D491-499E-B621-B31D94463A09}.Debug|Any CPU.Build.0 = Debug|Any CPU
		{A26EE5EF-D491-499E-B621-B31D94463A09}.Debug|Any CPU.Deploy.0 = Debug|Any CPU
		{A26EE5EF-D491-499E-B621-B31D94463A09}.Debug|iPhone.ActiveCfg = Debug|Any CPU
		{A26EE5EF-D491-499E-B621-B31D94463A09}.Debug|iPhone.Build.0 = Debug|Any CPU
		{A26EE5EF-D491-499E-B621-B31D94463A09}.Debug|iPhone.Deploy.0 = Debug|Any CPU
		{A26EE5EF-D491-499E-B621-B31D94463A09}.Debug|iPhoneSimulator.ActiveCfg = Debug|Any CPU
		{A26EE5EF-D491-499E-B621-B31D94463A09}.Debug|iPhoneSimulator.Build.0 = Debug|Any CPU
		{A26EE5EF-D491-499E-B621-B31D94463A09}.Debug|iPhoneSimulator.Deploy.0 = Debug|Any CPU
		{A26EE5EF-D491-499E-B621-B31D94463A09}.Release|Any CPU.ActiveCfg = Release|Any CPU
		{A26EE5EF-D491-499E-B621-B31D94463A09}.Release|Any CPU.Build.0 = Release|Any CPU
		{A26EE5EF-D491-499E-B621-B31D94463A09}.Release|Any CPU.Deploy.0 = Release|Any CPU
		{A26EE5EF-D491-499E-B621-B31D94463A09}.Release|iPhone.ActiveCfg = Release|Any CPU
		{A26EE5EF-D491-499E-B621-B31D94463A09}.Release|iPhone.Build.0 = Release|Any CPU
		{A26EE5EF-D491-499E-B621-B31D94463A09}.Release|iPhone.Deploy.0 = Release|Any CPU
		{A26EE5EF-D491-499E-B621-B31D94463A09}.Release|iPhoneSimulator.ActiveCfg = Release|Any CPU
		{A26EE5EF-D491-499E-B621-B31D94463A09}.Release|iPhoneSimulator.Build.0 = Release|Any CPU
		{A26EE5EF-D491-499E-B621-B31D94463A09}.Release|iPhoneSimulator.Deploy.0 = Release|Any CPU
		{09D6EBE4-28D2-4CD1-8E8A-9FCC885A35EA}.Ad-Hoc|Any CPU.ActiveCfg = Ad-Hoc|iPhone
		{09D6EBE4-28D2-4CD1-8E8A-9FCC885A35EA}.Ad-Hoc|Any CPU.Build.0 = Ad-Hoc|iPhone
		{09D6EBE4-28D2-4CD1-8E8A-9FCC885A35EA}.Ad-Hoc|Any CPU.Deploy.0 = Ad-Hoc|iPhone
		{09D6EBE4-28D2-4CD1-8E8A-9FCC885A35EA}.Ad-Hoc|iPhone.ActiveCfg = Ad-Hoc|iPhone
		{09D6EBE4-28D2-4CD1-8E8A-9FCC885A35EA}.Ad-Hoc|iPhone.Build.0 = Ad-Hoc|iPhone
		{09D6EBE4-28D2-4CD1-8E8A-9FCC885A35EA}.Ad-Hoc|iPhone.Deploy.0 = Ad-Hoc|iPhone
		{09D6EBE4-28D2-4CD1-8E8A-9FCC885A35EA}.Ad-Hoc|iPhoneSimulator.ActiveCfg = Ad-Hoc|iPhoneSimulator
		{09D6EBE4-28D2-4CD1-8E8A-9FCC885A35EA}.Ad-Hoc|iPhoneSimulator.Build.0 = Ad-Hoc|iPhoneSimulator
		{09D6EBE4-28D2-4CD1-8E8A-9FCC885A35EA}.Ad-Hoc|iPhoneSimulator.Deploy.0 = Ad-Hoc|iPhoneSimulator
		{09D6EBE4-28D2-4CD1-8E8A-9FCC885A35EA}.AppStore|Any CPU.ActiveCfg = AppStore|iPhone
		{09D6EBE4-28D2-4CD1-8E8A-9FCC885A35EA}.AppStore|Any CPU.Build.0 = AppStore|iPhone
		{09D6EBE4-28D2-4CD1-8E8A-9FCC885A35EA}.AppStore|Any CPU.Deploy.0 = AppStore|iPhone
		{09D6EBE4-28D2-4CD1-8E8A-9FCC885A35EA}.AppStore|iPhone.ActiveCfg = AppStore|iPhone
		{09D6EBE4-28D2-4CD1-8E8A-9FCC885A35EA}.AppStore|iPhone.Build.0 = AppStore|iPhone
		{09D6EBE4-28D2-4CD1-8E8A-9FCC885A35EA}.AppStore|iPhone.Deploy.0 = AppStore|iPhone
		{09D6EBE4-28D2-4CD1-8E8A-9FCC885A35EA}.AppStore|iPhoneSimulator.ActiveCfg = AppStore|iPhoneSimulator
		{09D6EBE4-28D2-4CD1-8E8A-9FCC885A35EA}.AppStore|iPhoneSimulator.Build.0 = AppStore|iPhoneSimulator
		{09D6EBE4-28D2-4CD1-8E8A-9FCC885A35EA}.AppStore|iPhoneSimulator.Deploy.0 = AppStore|iPhoneSimulator
		{09D6EBE4-28D2-4CD1-8E8A-9FCC885A35EA}.Debug|Any CPU.ActiveCfg = Debug|iPhoneSimulator
		{09D6EBE4-28D2-4CD1-8E8A-9FCC885A35EA}.Debug|Any CPU.Build.0 = Debug|iPhoneSimulator
		{09D6EBE4-28D2-4CD1-8E8A-9FCC885A35EA}.Debug|Any CPU.Deploy.0 = Debug|iPhoneSimulator
		{09D6EBE4-28D2-4CD1-8E8A-9FCC885A35EA}.Debug|iPhone.ActiveCfg = Debug|iPhone
		{09D6EBE4-28D2-4CD1-8E8A-9FCC885A35EA}.Debug|iPhone.Build.0 = Debug|iPhone
		{09D6EBE4-28D2-4CD1-8E8A-9FCC885A35EA}.Debug|iPhone.Deploy.0 = Debug|iPhone
		{09D6EBE4-28D2-4CD1-8E8A-9FCC885A35EA}.Debug|iPhoneSimulator.ActiveCfg = Debug|iPhoneSimulator
		{09D6EBE4-28D2-4CD1-8E8A-9FCC885A35EA}.Debug|iPhoneSimulator.Build.0 = Debug|iPhoneSimulator
		{09D6EBE4-28D2-4CD1-8E8A-9FCC885A35EA}.Debug|iPhoneSimulator.Deploy.0 = Debug|iPhoneSimulator
		{09D6EBE4-28D2-4CD1-8E8A-9FCC885A35EA}.Release|Any CPU.ActiveCfg = Release|iPhone
		{09D6EBE4-28D2-4CD1-8E8A-9FCC885A35EA}.Release|Any CPU.Build.0 = Release|iPhone
		{09D6EBE4-28D2-4CD1-8E8A-9FCC885A35EA}.Release|Any CPU.Deploy.0 = Release|iPhone
		{09D6EBE4-28D2-4CD1-8E8A-9FCC885A35EA}.Release|iPhone.ActiveCfg = Release|iPhone
		{09D6EBE4-28D2-4CD1-8E8A-9FCC885A35EA}.Release|iPhone.Build.0 = Release|iPhone
		{09D6EBE4-28D2-4CD1-8E8A-9FCC885A35EA}.Release|iPhone.Deploy.0 = Release|iPhone
		{09D6EBE4-28D2-4CD1-8E8A-9FCC885A35EA}.Release|iPhoneSimulator.ActiveCfg = Release|iPhoneSimulator
		{09D6EBE4-28D2-4CD1-8E8A-9FCC885A35EA}.Release|iPhoneSimulator.Build.0 = Release|iPhoneSimulator
		{09D6EBE4-28D2-4CD1-8E8A-9FCC885A35EA}.Release|iPhoneSimulator.Deploy.0 = Release|iPhoneSimulator
		{1C886B26-FF64-4AFA-876F-0B207B8C17C9}.Ad-Hoc|Any CPU.ActiveCfg = Debug|Any CPU
		{1C886B26-FF64-4AFA-876F-0B207B8C17C9}.Ad-Hoc|Any CPU.Build.0 = Debug|Any CPU
		{1C886B26-FF64-4AFA-876F-0B207B8C17C9}.Ad-Hoc|Any CPU.Deploy.0 = Debug|Any CPU
		{1C886B26-FF64-4AFA-876F-0B207B8C17C9}.Ad-Hoc|iPhone.ActiveCfg = Debug|Any CPU
		{1C886B26-FF64-4AFA-876F-0B207B8C17C9}.Ad-Hoc|iPhone.Build.0 = Debug|Any CPU
		{1C886B26-FF64-4AFA-876F-0B207B8C17C9}.Ad-Hoc|iPhone.Deploy.0 = Debug|Any CPU
		{1C886B26-FF64-4AFA-876F-0B207B8C17C9}.Ad-Hoc|iPhoneSimulator.ActiveCfg = Debug|Any CPU
		{1C886B26-FF64-4AFA-876F-0B207B8C17C9}.Ad-Hoc|iPhoneSimulator.Build.0 = Debug|Any CPU
		{1C886B26-FF64-4AFA-876F-0B207B8C17C9}.Ad-Hoc|iPhoneSimulator.Deploy.0 = Debug|Any CPU
		{1C886B26-FF64-4AFA-876F-0B207B8C17C9}.AppStore|Any CPU.ActiveCfg = Debug|Any CPU
		{1C886B26-FF64-4AFA-876F-0B207B8C17C9}.AppStore|Any CPU.Build.0 = Debug|Any CPU
		{1C886B26-FF64-4AFA-876F-0B207B8C17C9}.AppStore|Any CPU.Deploy.0 = Debug|Any CPU
		{1C886B26-FF64-4AFA-876F-0B207B8C17C9}.AppStore|iPhone.ActiveCfg = Debug|Any CPU
		{1C886B26-FF64-4AFA-876F-0B207B8C17C9}.AppStore|iPhone.Build.0 = Debug|Any CPU
		{1C886B26-FF64-4AFA-876F-0B207B8C17C9}.AppStore|iPhone.Deploy.0 = Debug|Any CPU
		{1C886B26-FF64-4AFA-876F-0B207B8C17C9}.AppStore|iPhoneSimulator.ActiveCfg = Debug|Any CPU
		{1C886B26-FF64-4AFA-876F-0B207B8C17C9}.AppStore|iPhoneSimulator.Build.0 = Debug|Any CPU
		{1C886B26-FF64-4AFA-876F-0B207B8C17C9}.AppStore|iPhoneSimulator.Deploy.0 = Debug|Any CPU
		{1C886B26-FF64-4AFA-876F-0B207B8C17C9}.Debug|Any CPU.ActiveCfg = Debug|Any CPU
		{1C886B26-FF64-4AFA-876F-0B207B8C17C9}.Debug|Any CPU.Build.0 = Debug|Any CPU
		{1C886B26-FF64-4AFA-876F-0B207B8C17C9}.Debug|Any CPU.Deploy.0 = Debug|Any CPU
		{1C886B26-FF64-4AFA-876F-0B207B8C17C9}.Debug|iPhone.ActiveCfg = Debug|Any CPU
		{1C886B26-FF64-4AFA-876F-0B207B8C17C9}.Debug|iPhone.Build.0 = Debug|Any CPU
		{1C886B26-FF64-4AFA-876F-0B207B8C17C9}.Debug|iPhone.Deploy.0 = Debug|Any CPU
		{1C886B26-FF64-4AFA-876F-0B207B8C17C9}.Debug|iPhoneSimulator.ActiveCfg = Debug|Any CPU
		{1C886B26-FF64-4AFA-876F-0B207B8C17C9}.Debug|iPhoneSimulator.Build.0 = Debug|Any CPU
		{1C886B26-FF64-4AFA-876F-0B207B8C17C9}.Debug|iPhoneSimulator.Deploy.0 = Debug|Any CPU
		{1C886B26-FF64-4AFA-876F-0B207B8C17C9}.Release|Any CPU.ActiveCfg = Release|Any CPU
		{1C886B26-FF64-4AFA-876F-0B207B8C17C9}.Release|Any CPU.Build.0 = Release|Any CPU
		{1C886B26-FF64-4AFA-876F-0B207B8C17C9}.Release|Any CPU.Deploy.0 = Release|Any CPU
		{1C886B26-FF64-4AFA-876F-0B207B8C17C9}.Release|iPhone.ActiveCfg = Release|Any CPU
		{1C886B26-FF64-4AFA-876F-0B207B8C17C9}.Release|iPhone.Build.0 = Release|Any CPU
		{1C886B26-FF64-4AFA-876F-0B207B8C17C9}.Release|iPhone.Deploy.0 = Release|Any CPU
		{1C886B26-FF64-4AFA-876F-0B207B8C17C9}.Release|iPhoneSimulator.ActiveCfg = Release|Any CPU
		{1C886B26-FF64-4AFA-876F-0B207B8C17C9}.Release|iPhoneSimulator.Build.0 = Release|Any CPU
		{1C886B26-FF64-4AFA-876F-0B207B8C17C9}.Release|iPhoneSimulator.Deploy.0 = Release|Any CPU
	EndGlobalSection
	GlobalSection(SolutionProperties) = preSolution
		HideSolutionNode = FALSE
	EndGlobalSection
	GlobalSection(ExtensibilityGlobals) = postSolution
		SolutionGuid = {A96A5AC7-1702-4E02-8252-D5D36B6563C3}
	EndGlobalSection
EndGlobal
